<?xml version="1.0" encoding="UTF-8"?>
<Scheme>
   <BuildAction
      buildConfiguration = "Debug"
      parallelizeBuildables = "NO">
   </BuildAction>
   <TestAction
      failureAction = "0">
   </TestAction>
   <LaunchAction
      selectedDebuggerIdentifier = "Xcode.DebuggerFoundation.Debugger.GDB"
      selectedLauncherIdentifier = "Xcode.DebuggerFoundation.Launcher.GDB"
      loadSymbolsForSpecifiedModules = "NO"
      displayScaleIsEnabled = "NO"
      displayScale = "1.00">
      <BuildableProductRunnable>
         <BuildableProductReference>
         </BuildableProductReference>
      </BuildableProductRunnable>
      <EnvironmentVariables>
         <EnvironmentVariable
            key = "DYLD_FRAMEWORK_PATH"
            value = "WebKit.app/Contents/Resources/"
            isEnabled = "YES">
         </EnvironmentVariable>
         <EnvironmentVariable
            key = "WEBKIT_UNSET_DYLD_FRAMEWORK_PATH"
            value = "YES"
            isEnabled = "YES">
         </EnvironmentVariable>
      </EnvironmentVariables>
      <AdditionalOptions>
      </AdditionalOptions>
   </LaunchAction>
   <ProfileAction
      displayScaleIsEnabled = "NO"
      displayScale = "1.00"
      shouldUseLaunchSchemeArgsEnv = "YES">
      <BuildableProductRunnable>
         <BuildableProductReference>
         </BuildableProductReference>
      </BuildableProductRunnable>
      <EnvironmentVariables>
         <EnvironmentVariable
            key = "DYLD_FRAMEWORK_PATH"
            value = "WebKit.app/Contents/Resources/"
            isEnabled = "YES">
         </EnvironmentVariable>
         <EnvironmentVariable
            key = "WEBKIT_UNSET_DYLD_FRAMEWORK_PATH"
            value = "YES"
            isEnabled = "YES">
         </EnvironmentVariable>
      </EnvironmentVariables>
   </ProfileAction>
   <ArchiveAction>
      <ArchivingStrategy
         StrategyType = "Xcode.IDEStandardArchivingStrategies.ArchivingStrategyType.DiskImage">
         <StrategyContent>
         </StrategyContent>
      </ArchivingStrategy>
   </ArchiveAction>
</Scheme>
