Microsoft Visual Studio Solution File, Format Version 11.00
# Visual Studio 2010
Project("{FAE04EC0-301F-11D3-BF4B-00C04F79EFBC}") = "SebWindowsService", "SebWindowsService\SebWindowsService.csproj", "{6598D792-CC1A-45E6-A791-BCE42C681B3A}"
EndProject
Project("{2150E333-8FDC-42A3-9474-1A3956D46DE8}") = "Solution Items", "Solution Items", "{DE764AD0-A80F-479C-93A8-7EE1901E7C6A}"
EndProject
Project("{54435603-DBB4-11D2-8724-00A0C9A8B90C}") = "SebWindowsInstall", "SebWindowsInstall\SebWindowsInstall.vdproj", "{ABDE8A59-2D71-4B8A-9325-8F5633DF065F}"
EndProject
Project("{8BC9CEB8-8B4A-11D0-8D11-00A0C91BC942}") = "MsgHook", "SebWindowsClient\MsgHook\MsgHook.vcxproj", "{75A343F9-208F-4156-B6AF-0C0459A2F3C3}"
EndProject
Project("{8BC9CEB8-8B4A-11D0-8D11-00A0C91BC942}") = "SebStarter", "SebWindowsClient\SebStarter\SebStarter.vcxproj", "{E758B32C-024E-4C0F-ABC3-1F76C450FED6}"
EndProject
Project("{FAE04EC0-301F-11D3-BF4B-00C04F79EFBC}") = "SebWindowsConfig", "SebWindowsConfig\SebWindowsConfig.csproj", "{BEF73897-0D04-4F40-AD89-62E24D260CD0}"
EndProject
Global
	GlobalSection(SolutionConfigurationPlatforms) = preSolution
		Debug|Any CPU = Debug|Any CPU
		Debug|Mixed Platforms = Debug|Mixed Platforms
		Debug|Win32 = Debug|Win32
		Debug|x86 = Debug|x86
		Release|Any CPU = Release|Any CPU
		Release|Mixed Platforms = Release|Mixed Platforms
		Release|Win32 = Release|Win32
		Release|x86 = Release|x86
	EndGlobalSection
	GlobalSection(ProjectConfigurationPlatforms) = postSolution
		{6598D792-CC1A-45E6-A791-BCE42C681B3A}.Debug|Any CPU.ActiveCfg = Debug|x86
		{6598D792-CC1A-45E6-A791-BCE42C681B3A}.Debug|Mixed Platforms.ActiveCfg = Debug|x86
		{6598D792-CC1A-45E6-A791-BCE42C681B3A}.Debug|Mixed Platforms.Build.0 = Debug|x86
		{6598D792-CC1A-45E6-A791-BCE42C681B3A}.Debug|Win32.ActiveCfg = Debug|x86
		{6598D792-CC1A-45E6-A791-BCE42C681B3A}.Debug|x86.ActiveCfg = Debug|x86
		{6598D792-CC1A-45E6-A791-BCE42C681B3A}.Debug|x86.Build.0 = Debug|x86
		{6598D792-CC1A-45E6-A791-BCE42C681B3A}.Release|Any CPU.ActiveCfg = Release|x86
		{6598D792-CC1A-45E6-A791-BCE42C681B3A}.Release|Any CPU.Build.0 = Release|x86
		{6598D792-CC1A-45E6-A791-BCE42C681B3A}.Release|Mixed Platforms.ActiveCfg = Release|x86
		{6598D792-CC1A-45E6-A791-BCE42C681B3A}.Release|Mixed Platforms.Build.0 = Release|x86
		{6598D792-CC1A-45E6-A791-BCE42C681B3A}.Release|Win32.ActiveCfg = Release|x86
		{6598D792-CC1A-45E6-A791-BCE42C681B3A}.Release|x86.ActiveCfg = Release|x86
		{6598D792-CC1A-45E6-A791-BCE42C681B3A}.Release|x86.Build.0 = Release|x86
		{ABDE8A59-2D71-4B8A-9325-8F5633DF065F}.Debug|Any CPU.ActiveCfg = Debug
		{ABDE8A59-2D71-4B8A-9325-8F5633DF065F}.Debug|Any CPU.Build.0 = Debug
		{ABDE8A59-2D71-4B8A-9325-8F5633DF065F}.Debug|Mixed Platforms.ActiveCfg = Debug
		{ABDE8A59-2D71-4B8A-9325-8F5633DF065F}.Debug|Mixed Platforms.Build.0 = Debug
		{ABDE8A59-2D71-4B8A-9325-8F5633DF065F}.Debug|Win32.ActiveCfg = Debug
		{ABDE8A59-2D71-4B8A-9325-8F5633DF065F}.Debug|Win32.Build.0 = Debug
		{ABDE8A59-2D71-4B8A-9325-8F5633DF065F}.Debug|x86.ActiveCfg = Debug
		{ABDE8A59-2D71-4B8A-9325-8F5633DF065F}.Debug|x86.Build.0 = Debug
		{ABDE8A59-2D71-4B8A-9325-8F5633DF065F}.Release|Any CPU.ActiveCfg = Release
		{ABDE8A59-2D71-4B8A-9325-8F5633DF065F}.Release|Any CPU.Build.0 = Release
		{ABDE8A59-2D71-4B8A-9325-8F5633DF065F}.Release|Mixed Platforms.ActiveCfg = Release
		{ABDE8A59-2D71-4B8A-9325-8F5633DF065F}.Release|Mixed Platforms.Build.0 = Release
		{ABDE8A59-2D71-4B8A-9325-8F5633DF065F}.Release|Win32.ActiveCfg = Release
		{ABDE8A59-2D71-4B8A-9325-8F5633DF065F}.Release|Win32.Build.0 = Release
		{ABDE8A59-2D71-4B8A-9325-8F5633DF065F}.Release|x86.ActiveCfg = Release
		{ABDE8A59-2D71-4B8A-9325-8F5633DF065F}.Release|x86.Build.0 = Release
		{75A343F9-208F-4156-B6AF-0C0459A2F3C3}.Debug|Any CPU.ActiveCfg = Debug|Win32
		{75A343F9-208F-4156-B6AF-0C0459A2F3C3}.Debug|Mixed Platforms.ActiveCfg = Debug|Win32
		{75A343F9-208F-4156-B6AF-0C0459A2F3C3}.Debug|Mixed Platforms.Build.0 = Debug|Win32
		{75A343F9-208F-4156-B6AF-0C0459A2F3C3}.Debug|Win32.ActiveCfg = Debug|Win32
		{75A343F9-208F-4156-B6AF-0C0459A2F3C3}.Debug|Win32.Build.0 = Debug|Win32
		{75A343F9-208F-4156-B6AF-0C0459A2F3C3}.Debug|x86.ActiveCfg = Debug|Win32
		{75A343F9-208F-4156-B6AF-0C0459A2F3C3}.Release|Any CPU.ActiveCfg = Release|Win32
		{75A343F9-208F-4156-B6AF-0C0459A2F3C3}.Release|Any CPU.Build.0 = Release|Win32
		{75A343F9-208F-4156-B6AF-0C0459A2F3C3}.Release|Mixed Platforms.ActiveCfg = Release|Win32
		{75A343F9-208F-4156-B6AF-0C0459A2F3C3}.Release|Mixed Platforms.Build.0 = Release|Win32
		{75A343F9-208F-4156-B6AF-0C0459A2F3C3}.Release|Win32.ActiveCfg = Release|Win32
		{75A343F9-208F-4156-B6AF-0C0459A2F3C3}.Release|Win32.Build.0 = Release|Win32
		{75A343F9-208F-4156-B6AF-0C0459A2F3C3}.Release|x86.ActiveCfg = Release|Win32
		{E758B32C-024E-4C0F-ABC3-1F76C450FED6}.Debug|Any CPU.ActiveCfg = Debug|Win32
		{E758B32C-024E-4C0F-ABC3-1F76C450FED6}.Debug|Mixed Platforms.ActiveCfg = Debug|Win32
		{E758B32C-024E-4C0F-ABC3-1F76C450FED6}.Debug|Mixed Platforms.Build.0 = Debug|Win32
		{E758B32C-024E-4C0F-ABC3-1F76C450FED6}.Debug|Win32.ActiveCfg = Debug|Win32
		{E758B32C-024E-4C0F-ABC3-1F76C450FED6}.Debug|Win32.Build.0 = Debug|Win32
		{E758B32C-024E-4C0F-ABC3-1F76C450FED6}.Debug|x86.ActiveCfg = Debug|Win32
		{E758B32C-024E-4C0F-ABC3-1F76C450FED6}.Release|Any CPU.ActiveCfg = Release|Win32
		{E758B32C-024E-4C0F-ABC3-1F76C450FED6}.Release|Any CPU.Build.0 = Release|Win32
		{E758B32C-024E-4C0F-ABC3-1F76C450FED6}.Release|Mixed Platforms.ActiveCfg = Release|Win32
		{E758B32C-024E-4C0F-ABC3-1F76C450FED6}.Release|Mixed Platforms.Build.0 = Release|Win32
		{E758B32C-024E-4C0F-ABC3-1F76C450FED6}.Release|Win32.ActiveCfg = Release|Win32
		{E758B32C-024E-4C0F-ABC3-1F76C450FED6}.Release|Win32.Build.0 = Release|Win32
		{E758B32C-024E-4C0F-ABC3-1F76C450FED6}.Release|x86.ActiveCfg = Release|Win32
		{BEF73897-0D04-4F40-AD89-62E24D260CD0}.Debug|Any CPU.ActiveCfg = Debug|x86
		{BEF73897-0D04-4F40-AD89-62E24D260CD0}.Debug|Mixed Platforms.ActiveCfg = Debug|x86
		{BEF73897-0D04-4F40-AD89-62E24D260CD0}.Debug|Mixed Platforms.Build.0 = Debug|x86
		{BEF73897-0D04-4F40-AD89-62E24D260CD0}.Debug|Win32.ActiveCfg = Debug|x86
		{BEF73897-0D04-4F40-AD89-62E24D260CD0}.Debug|x86.ActiveCfg = Debug|x86
		{BEF73897-0D04-4F40-AD89-62E24D260CD0}.Debug|x86.Build.0 = Debug|x86
		{BEF73897-0D04-4F40-AD89-62E24D260CD0}.Release|Any CPU.ActiveCfg = Release|x86
		{BEF73897-0D04-4F40-AD89-62E24D260CD0}.Release|Mixed Platforms.ActiveCfg = Release|x86
		{BEF73897-0D04-4F40-AD89-62E24D260CD0}.Release|Mixed Platforms.Build.0 = Release|x86
		{BEF73897-0D04-4F40-AD89-62E24D260CD0}.Release|Win32.ActiveCfg = Release|x86
		{BEF73897-0D04-4F40-AD89-62E24D260CD0}.Release|x86.ActiveCfg = Release|x86
		{BEF73897-0D04-4F40-AD89-62E24D260CD0}.Release|x86.Build.0 = Release|x86
	EndGlobalSection
	GlobalSection(SolutionProperties) = preSolution
		HideSolutionNode = FALSE
	EndGlobalSection
EndGlobal
