// !$*UTF8*$!
{
	archiveVersion = 1;
	classes = {
	};
	objectVersion = 45;
	objects = {

/* Begin PBXBuildFile section */
		1DDD58160DA1D0A300B32029 /* MainMenu.xib in Resources */ = {isa = PBXBuildFile; fileRef = 1DDD58140DA1D0A300B32029 /* MainMenu.xib */; };
		69108D3A1337B85500E05C99 /* JavaScriptGlue.framework in CopyFiles */ = {isa = PBXBuildFile; fileRef = 69EF27B31337A90A004FEC34 /* JavaScriptGlue.framework */; };
		69108D3B1337B85500E05C99 /* JavaScriptCore.framework in CopyFiles */ = {isa = PBXBuildFile; fileRef = 69EF27B41337A90A004FEC34 /* JavaScriptCore.framework */; };
		69108D3C1337B85500E05C99 /* WebKit.framework in CopyFiles */ = {isa = PBXBuildFile; fileRef = 69EF27B11337A8F2004FEC34 /* WebKit.framework */; };
		69108D3D1337B85500E05C99 /* WebCore.framework in CopyFiles */ = {isa = PBXBuildFile; fileRef = 69EF27B71337AAC7004FEC34 /* WebCore.framework */; };
		692891B212ACEBDC00EEE7C9 /* BrowserWindow.m in Sources */ = {isa = PBXBuildFile; fileRef = 692891B112ACEBDC00EEE7C9 /* BrowserWindow.m */; };
		6932C9681191B7FE00688EBB /* SEBicon.icns in Resources */ = {isa = PBXBuildFile; fileRef = 6932C9671191B7FE00688EBB /* SEBicon.icns */; };
		693A94D811B68D8A0083C66D /* Carbon.framework in Frameworks */ = {isa = PBXBuildFile; fileRef = 693A94D711B68D8A0083C66D /* Carbon.framework */; };
		6947949D12B050AA00651933 /* IOKit.framework in Frameworks */ = {isa = PBXBuildFile; fileRef = 6947949C12B050AA00651933 /* IOKit.framework */; };
		6969B1CD127B80410027FF8D /* AboutSEB.png in Resources */ = {isa = PBXBuildFile; fileRef = 6969B1CC127B80410027FF8D /* AboutSEB.png */; };
		6969B1D3127C7AB60027FF8D /* AboutWindow.m in Sources */ = {isa = PBXBuildFile; fileRef = 6969B1D2127C7AB60027FF8D /* AboutWindow.m */; };
		6970CF4E12BEA67100559EA4 /* Localizable.strings in Resources */ = {isa = PBXBuildFile; fileRef = 6970CF4C12BEA67100559EA4 /* Localizable.strings */; };
		6970CF9B12BFC73300559EA4 /* InfoPlist.strings in Resources */ = {isa = PBXBuildFile; fileRef = 6970CF9912BFC73300559EA4 /* InfoPlist.strings */; };
		69A2F8CA12C398E600C71C02 /* MainMenu.xib in Resources */ = {isa = PBXBuildFile; fileRef = 1DDD58140DA1D0A300B32029 /* MainMenu.xib */; };
		69A2F8CB12C398E600C71C02 /* SEBicon.icns in Resources */ = {isa = PBXBuildFile; fileRef = 6932C9671191B7FE00688EBB /* SEBicon.icns */; };
		69A2F8CC12C398E600C71C02 /* AboutSEB.png in Resources */ = {isa = PBXBuildFile; fileRef = 6969B1CC127B80410027FF8D /* AboutSEB.png */; };
		69A2F8CD12C398E600C71C02 /* Localizable.strings in Resources */ = {isa = PBXBuildFile; fileRef = 6970CF4C12BEA67100559EA4 /* Localizable.strings */; };
		69A2F8CE12C398E600C71C02 /* InfoPlist.strings in Resources */ = {isa = PBXBuildFile; fileRef = 6970CF9912BFC73300559EA4 /* InfoPlist.strings */; };
		69A2F8D012C398E600C71C02 /* main.m in Sources */ = {isa = PBXBuildFile; fileRef = 29B97316FDCFA39411CA2CEA /* main.m */; settings = {ATTRIBUTES = (); }; };
		69A2F8D112C398E600C71C02 /* SEBController.m in Sources */ = {isa = PBXBuildFile; fileRef = 69D588201189EB8F005AE3F1 /* SEBController.m */; };
		69A2F8D312C398E600C71C02 /* CapView.m in Sources */ = {isa = PBXBuildFile; fileRef = 69DD2FD01201C416009B1005 /* CapView.m */; };
		69A2F8D412C398E600C71C02 /* AboutWindow.m in Sources */ = {isa = PBXBuildFile; fileRef = 6969B1D2127C7AB60027FF8D /* AboutWindow.m */; };
		69A2F8D512C398E600C71C02 /* AboutView.m in Sources */ = {isa = PBXBuildFile; fileRef = 69E13AEF127C812900CB81E1 /* AboutView.m */; };
		69A2F8D612C398E600C71C02 /* BrowserWindow.m in Sources */ = {isa = PBXBuildFile; fileRef = 692891B112ACEBDC00EEE7C9 /* BrowserWindow.m */; };
		69A2F8DA12C398E600C71C02 /* Cocoa.framework in Frameworks */ = {isa = PBXBuildFile; fileRef = 1058C7A1FEA54F0111CA2CBB /* Cocoa.framework */; };
		69A2F8DB12C398E600C71C02 /* Carbon.framework in Frameworks */ = {isa = PBXBuildFile; fileRef = 693A94D711B68D8A0083C66D /* Carbon.framework */; };
		69A2F8DD12C398E600C71C02 /* IOKit.framework in Frameworks */ = {isa = PBXBuildFile; fileRef = 6947949C12B050AA00651933 /* IOKit.framework */; };
		69A9A22C1368784500840AE1 /* MBPreferencesController.m in Sources */ = {isa = PBXBuildFile; fileRef = 69A9A22B1368784500840AE1 /* MBPreferencesController.m */; };
		69A9A22D1368784500840AE1 /* MBPreferencesController.m in Sources */ = {isa = PBXBuildFile; fileRef = 69A9A22B1368784500840AE1 /* MBPreferencesController.m */; };
		69A9A22F1369AF9600840AE1 /* LICENCE in Resources */ = {isa = PBXBuildFile; fileRef = 69A9A22E1369AF9600840AE1 /* LICENCE */; };
		69A9A238136AF6E100840AE1 /* PrefsGeneralViewController.m in Sources */ = {isa = PBXBuildFile; fileRef = 69A9A233136AF6E000840AE1 /* PrefsGeneralViewController.m */; };
		69C52803136AFDBD00F9F000 /* PreferencesController.m in Sources */ = {isa = PBXBuildFile; fileRef = 69C52802136AFDBD00F9F000 /* PreferencesController.m */; };
		69C52804136AFDBD00F9F000 /* PreferencesController.m in Sources */ = {isa = PBXBuildFile; fileRef = 69C52802136AFDBD00F9F000 /* PreferencesController.m */; };
		69C52806136AFE9500F9F000 /* PrefsAdvancedViewController.m in Sources */ = {isa = PBXBuildFile; fileRef = 69C52805136AFE9500F9F000 /* PrefsAdvancedViewController.m */; };
		69C52807136AFE9500F9F000 /* PrefsAdvancedViewController.m in Sources */ = {isa = PBXBuildFile; fileRef = 69C52805136AFE9500F9F000 /* PrefsAdvancedViewController.m */; };
		69D588211189EB8F005AE3F1 /* SEBController.m in Sources */ = {isa = PBXBuildFile; fileRef = 69D588201189EB8F005AE3F1 /* SEBController.m */; };
		69DD2FD11201C416009B1005 /* CapView.m in Sources */ = {isa = PBXBuildFile; fileRef = 69DD2FD01201C416009B1005 /* CapView.m */; };
		69E13AF0127C812900CB81E1 /* AboutView.m in Sources */ = {isa = PBXBuildFile; fileRef = 69E13AEF127C812900CB81E1 /* AboutView.m */; };
		69EF27B21337A8F2004FEC34 /* WebKit.framework in Frameworks */ = {isa = PBXBuildFile; fileRef = 69EF27B11337A8F2004FEC34 /* WebKit.framework */; };
		69EF27B51337A90A004FEC34 /* JavaScriptGlue.framework in Frameworks */ = {isa = PBXBuildFile; fileRef = 69EF27B31337A90A004FEC34 /* JavaScriptGlue.framework */; };
		69EF27B61337A90A004FEC34 /* JavaScriptCore.framework in Frameworks */ = {isa = PBXBuildFile; fileRef = 69EF27B41337A90A004FEC34 /* JavaScriptCore.framework */; };
		69FC9055136C9A00009B55CB /* PreferencesGeneral.xib in Resources */ = {isa = PBXBuildFile; fileRef = 69FC9057136C9A00009B55CB /* PreferencesGeneral.xib */; };
		69FC905A136CA80F009B55CB /* PreferencesAdvanced.xib in Resources */ = {isa = PBXBuildFile; fileRef = 69FC905C136CA80F009B55CB /* PreferencesAdvanced.xib */; };
		8D11072D0486CEB800E47090 /* main.m in Sources */ = {isa = PBXBuildFile; fileRef = 29B97316FDCFA39411CA2CEA /* main.m */; settings = {ATTRIBUTES = (); }; };
		8D11072F0486CEB800E47090 /* Cocoa.framework in Frameworks */ = {isa = PBXBuildFile; fileRef = 1058C7A1FEA54F0111CA2CBB /* Cocoa.framework */; };
/* End PBXBuildFile section */

/* Begin PBXCopyFilesBuildPhase section */
		6957F4CC1217400C00205A6B /* CopyFiles */ = {
			isa = PBXCopyFilesBuildPhase;
			buildActionMask = 2147483647;
			dstPath = "";
			dstSubfolderSpec = 10;
			files = (
				69108D3A1337B85500E05C99 /* JavaScriptGlue.framework in CopyFiles */,
				69108D3B1337B85500E05C99 /* JavaScriptCore.framework in CopyFiles */,
				69108D3C1337B85500E05C99 /* WebKit.framework in CopyFiles */,
				69108D3D1337B85500E05C99 /* WebCore.framework in CopyFiles */,
			);
			runOnlyForDeploymentPostprocessing = 0;
		};
		69A2F8DE12C398E600C71C02 /* CopyFiles */ = {
			isa = PBXCopyFilesBuildPhase;
			buildActionMask = 2147483647;
			dstPath = "";
			dstSubfolderSpec = 10;
			files = (
			);
			runOnlyForDeploymentPostprocessing = 0;
		};
/* End PBXCopyFilesBuildPhase section */

/* Begin PBXFileReference section */
		1058C7A1FEA54F0111CA2CBB /* Cocoa.framework */ = {isa = PBXFileReference; lastKnownFileType = wrapper.framework; name = Cocoa.framework; path = /System/Library/Frameworks/Cocoa.framework; sourceTree = "<absolute>"; };
		13E42FB307B3F0F600E4EEF1 /* CoreData.framework */ = {isa = PBXFileReference; lastKnownFileType = wrapper.framework; name = CoreData.framework; path = /System/Library/Frameworks/CoreData.framework; sourceTree = "<absolute>"; };
		256AC3F00F4B6AF500CF3369 /* SEB_Prefix.pch */ = {isa = PBXFileReference; fileEncoding = 4; lastKnownFileType = sourcecode.c.h; path = SEB_Prefix.pch; sourceTree = "<group>"; };
		29B97316FDCFA39411CA2CEA /* main.m */ = {isa = PBXFileReference; fileEncoding = 4; lastKnownFileType = sourcecode.c.objc; path = main.m; sourceTree = "<group>"; };
		29B97324FDCFA39411CA2CEA /* AppKit.framework */ = {isa = PBXFileReference; lastKnownFileType = wrapper.framework; name = AppKit.framework; path = /System/Library/Frameworks/AppKit.framework; sourceTree = "<absolute>"; };
		29B97325FDCFA39411CA2CEA /* Foundation.framework */ = {isa = PBXFileReference; lastKnownFileType = wrapper.framework; name = Foundation.framework; path = /System/Library/Frameworks/Foundation.framework; sourceTree = "<absolute>"; };
		692891B012ACEBDC00EEE7C9 /* BrowserWindow.h */ = {isa = PBXFileReference; fileEncoding = 4; lastKnownFileType = sourcecode.c.h; path = BrowserWindow.h; sourceTree = "<group>"; };
		692891B112ACEBDC00EEE7C9 /* BrowserWindow.m */ = {isa = PBXFileReference; fileEncoding = 4; lastKnownFileType = sourcecode.c.objc; path = BrowserWindow.m; sourceTree = "<group>"; };
		6932C9671191B7FE00688EBB /* SEBicon.icns */ = {isa = PBXFileReference; lastKnownFileType = image.icns; path = SEBicon.icns; sourceTree = "<group>"; };
		693A94D711B68D8A0083C66D /* Carbon.framework */ = {isa = PBXFileReference; lastKnownFileType = wrapper.framework; name = Carbon.framework; path = System/Library/Frameworks/Carbon.framework; sourceTree = SDKROOT; };
		6941F9A1131E6400005C51DC /* fr */ = {isa = PBXFileReference; fileEncoding = 10; lastKnownFileType = text.plist.strings; name = fr; path = fr.lproj/InfoPlist.strings; sourceTree = "<group>"; };
		6941F9A2131E6426005C51DC /* fr */ = {isa = PBXFileReference; fileEncoding = 10; lastKnownFileType = text.plist.strings; name = fr; path = fr.lproj/Localizable.strings; sourceTree = "<group>"; };
		6947949C12B050AA00651933 /* IOKit.framework */ = {isa = PBXFileReference; lastKnownFileType = wrapper.framework; name = IOKit.framework; path = System/Library/Frameworks/IOKit.framework; sourceTree = SDKROOT; };
		6969B1CC127B80410027FF8D /* AboutSEB.png */ = {isa = PBXFileReference; lastKnownFileType = image.png; path = AboutSEB.png; sourceTree = "<group>"; };
		6969B1D1127C7AB60027FF8D /* AboutWindow.h */ = {isa = PBXFileReference; fileEncoding = 4; lastKnownFileType = sourcecode.c.h; path = AboutWindow.h; sourceTree = "<group>"; };
		6969B1D2127C7AB60027FF8D /* AboutWindow.m */ = {isa = PBXFileReference; fileEncoding = 4; lastKnownFileType = sourcecode.c.objc; path = AboutWindow.m; sourceTree = "<group>"; };
		6970CEF812BE31A300559EA4 /* de */ = {isa = PBXFileReference; lastKnownFileType = file.xib; name = de; path = de.lproj/MainMenu.xib; sourceTree = "<group>"; };
		6970CF3A12BE969800559EA4 /* en */ = {isa = PBXFileReference; lastKnownFileType = file.xib; name = en; path = en.lproj/MainMenu.xib; sourceTree = "<group>"; };
		6970CF4F12BEA68C00559EA4 /* de */ = {isa = PBXFileReference; fileEncoding = 10; lastKnownFileType = text.plist.strings; name = de; path = de.lproj/Localizable.strings; sourceTree = "<group>"; };
		6970CF9A12BFC73300559EA4 /* de */ = {isa = PBXFileReference; fileEncoding = 10; lastKnownFileType = text.plist.strings; name = de; path = de.lproj/InfoPlist.strings; sourceTree = "<group>"; };
		6970CF9F12BFC82200559EA4 /* en */ = {isa = PBXFileReference; fileEncoding = 10; lastKnownFileType = text.plist.strings; name = en; path = en.lproj/InfoPlist.strings; sourceTree = "<group>"; };
		6970CFA012BFC84600559EA4 /* en */ = {isa = PBXFileReference; fileEncoding = 10; lastKnownFileType = text.plist.strings; name = en; path = en.lproj/Localizable.strings; sourceTree = "<group>"; };
		69A2F8E612C398E600C71C02 /* Safe Exam Browser.app */ = {isa = PBXFileReference; explicitFileType = wrapper.application; includeInIndex = 0; path = "Safe Exam Browser.app"; sourceTree = BUILT_PRODUCTS_DIR; };
		69A9A22A1368784500840AE1 /* MBPreferencesController.h */ = {isa = PBXFileReference; fileEncoding = 4; lastKnownFileType = sourcecode.c.h; path = MBPreferencesController.h; sourceTree = "<group>"; };
		69A9A22B1368784500840AE1 /* MBPreferencesController.m */ = {isa = PBXFileReference; fileEncoding = 4; lastKnownFileType = sourcecode.c.objc; path = MBPreferencesController.m; sourceTree = "<group>"; };
		69A9A22E1369AF9600840AE1 /* LICENCE */ = {isa = PBXFileReference; fileEncoding = 4; lastKnownFileType = text; path = LICENCE; sourceTree = "<group>"; };
		69A9A232136AF6E000840AE1 /* PrefsGeneralViewController.h */ = {isa = PBXFileReference; fileEncoding = 4; lastKnownFileType = sourcecode.c.h; path = PrefsGeneralViewController.h; sourceTree = "<group>"; };
		69A9A233136AF6E000840AE1 /* PrefsGeneralViewController.m */ = {isa = PBXFileReference; fileEncoding = 4; lastKnownFileType = sourcecode.c.objc; path = PrefsGeneralViewController.m; sourceTree = "<group>"; };
		69A9A234136AF6E000840AE1 /* PrefsAdvancedViewController.h */ = {isa = PBXFileReference; fileEncoding = 4; lastKnownFileType = sourcecode.c.h; path = PrefsAdvancedViewController.h; sourceTree = "<group>"; };
		69C52802136AFDBD00F9F000 /* PreferencesController.m */ = {isa = PBXFileReference; fileEncoding = 4; lastKnownFileType = sourcecode.c.objc; path = PreferencesController.m; sourceTree = "<group>"; };
		69C52805136AFE9500F9F000 /* PrefsAdvancedViewController.m */ = {isa = PBXFileReference; fileEncoding = 4; lastKnownFileType = sourcecode.c.objc; path = PrefsAdvancedViewController.m; sourceTree = "<group>"; };
		69CB8AFD136AFC6E00C08450 /* PreferencesController.h */ = {isa = PBXFileReference; fileEncoding = 4; lastKnownFileType = sourcecode.c.h; path = PreferencesController.h; sourceTree = "<group>"; };
		69CE5A67131E5C3C0030F0F2 /* fr */ = {isa = PBXFileReference; lastKnownFileType = file.xib; name = fr; path = fr.lproj/MainMenu.xib; sourceTree = "<group>"; };
		69D5881F1189EB8F005AE3F1 /* SEBController.h */ = {isa = PBXFileReference; fileEncoding = 4; lastKnownFileType = sourcecode.c.h; lineEnding = 0; path = SEBController.h; sourceTree = "<group>"; };
		69D588201189EB8F005AE3F1 /* SEBController.m */ = {isa = PBXFileReference; fileEncoding = 4; lastKnownFileType = sourcecode.c.objc; lineEnding = 0; path = SEBController.m; sourceTree = "<group>"; };
		69DD2FCF1201C416009B1005 /* CapView.h */ = {isa = PBXFileReference; fileEncoding = 4; lastKnownFileType = sourcecode.c.h; path = CapView.h; sourceTree = "<group>"; };
		69DD2FD01201C416009B1005 /* CapView.m */ = {isa = PBXFileReference; fileEncoding = 4; lastKnownFileType = sourcecode.c.objc; path = CapView.m; sourceTree = "<group>"; };
		69E13AEE127C812900CB81E1 /* AboutView.h */ = {isa = PBXFileReference; fileEncoding = 4; lastKnownFileType = sourcecode.c.h; path = AboutView.h; sourceTree = "<group>"; };
		69E13AEF127C812900CB81E1 /* AboutView.m */ = {isa = PBXFileReference; fileEncoding = 4; lastKnownFileType = sourcecode.c.objc; path = AboutView.m; sourceTree = "<group>"; };
		69EF27B11337A8F2004FEC34 /* WebKit.framework */ = {isa = PBXFileReference; lastKnownFileType = wrapper.framework; path = WebKit.framework; sourceTree = "<group>"; };
		69EF27B31337A90A004FEC34 /* JavaScriptGlue.framework */ = {isa = PBXFileReference; lastKnownFileType = wrapper.framework; path = JavaScriptGlue.framework; sourceTree = "<group>"; };
		69EF27B41337A90A004FEC34 /* JavaScriptCore.framework */ = {isa = PBXFileReference; lastKnownFileType = wrapper.framework; path = JavaScriptCore.framework; sourceTree = "<group>"; };
		69EF27B71337AAC7004FEC34 /* WebCore.framework */ = {isa = PBXFileReference; lastKnownFileType = wrapper.framework; path = WebCore.framework; sourceTree = "<group>"; };
		69FC9056136C9A00009B55CB /* en */ = {isa = PBXFileReference; lastKnownFileType = file.xib; name = en; path = en.lproj/PreferencesGeneral.xib; sourceTree = "<group>"; };
		69FC9058136C9A10009B55CB /* de */ = {isa = PBXFileReference; lastKnownFileType = file.xib; name = de; path = de.lproj/PreferencesGeneral.xib; sourceTree = "<group>"; };
		69FC9059136C9A13009B55CB /* fr */ = {isa = PBXFileReference; lastKnownFileType = file.xib; name = fr; path = fr.lproj/PreferencesGeneral.xib; sourceTree = "<group>"; };
		69FC905B136CA80F009B55CB /* en */ = {isa = PBXFileReference; lastKnownFileType = file.xib; name = en; path = en.lproj/PreferencesAdvanced.xib; sourceTree = "<group>"; };
		69FC905D136CA81B009B55CB /* de */ = {isa = PBXFileReference; lastKnownFileType = file.xib; name = de; path = de.lproj/PreferencesAdvanced.xib; sourceTree = "<group>"; };
		69FC905E136CA81E009B55CB /* fr */ = {isa = PBXFileReference; lastKnownFileType = file.xib; name = fr; path = fr.lproj/PreferencesAdvanced.xib; sourceTree = "<group>"; };
		8D1107310486CEB800E47090 /* SEB-Info.plist */ = {isa = PBXFileReference; fileEncoding = 4; lastKnownFileType = text.plist.xml; path = "SEB-Info.plist"; sourceTree = "<group>"; };
		8D1107320486CEB800E47090 /* Safe Exam Browser.app */ = {isa = PBXFileReference; explicitFileType = wrapper.application; includeInIndex = 0; path = "Safe Exam Browser.app"; sourceTree = BUILT_PRODUCTS_DIR; };
/* End PBXFileReference section */

/* Begin PBXFrameworksBuildPhase section */
		69A2F8D712C398E600C71C02 /* Frameworks */ = {
			isa = PBXFrameworksBuildPhase;
			buildActionMask = 2147483647;
			files = (
				69A2F8DA12C398E600C71C02 /* Cocoa.framework in Frameworks */,
				69A2F8DB12C398E600C71C02 /* Carbon.framework in Frameworks */,
				69A2F8DD12C398E600C71C02 /* IOKit.framework in Frameworks */,
			);
			runOnlyForDeploymentPostprocessing = 0;
		};
		8D11072E0486CEB800E47090 /* Frameworks */ = {
			isa = PBXFrameworksBuildPhase;
			buildActionMask = 2147483647;
			files = (
				8D11072F0486CEB800E47090 /* Cocoa.framework in Frameworks */,
				693A94D811B68D8A0083C66D /* Carbon.framework in Frameworks */,
				6947949D12B050AA00651933 /* IOKit.framework in Frameworks */,
				69EF27B21337A8F2004FEC34 /* WebKit.framework in Frameworks */,
				69EF27B51337A90A004FEC34 /* JavaScriptGlue.framework in Frameworks */,
				69EF27B61337A90A004FEC34 /* JavaScriptCore.framework in Frameworks */,
			);
			runOnlyForDeploymentPostprocessing = 0;
		};
/* End PBXFrameworksBuildPhase section */

/* Begin PBXGroup section */
		080E96DDFE201D6D7F000001 /* Classes */ = {
			isa = PBXGroup;
			children = (
				69CB8AFD136AFC6E00C08450 /* PreferencesController.h */,
				69C52802136AFDBD00F9F000 /* PreferencesController.m */,
				69A9A232136AF6E000840AE1 /* PrefsGeneralViewController.h */,
				69A9A233136AF6E000840AE1 /* PrefsGeneralViewController.m */,
				69A9A234136AF6E000840AE1 /* PrefsAdvancedViewController.h */,
				69C52805136AFE9500F9F000 /* PrefsAdvancedViewController.m */,
				69A9A22A1368784500840AE1 /* MBPreferencesController.h */,
				69A9A22B1368784500840AE1 /* MBPreferencesController.m */,
				69DD2FCF1201C416009B1005 /* CapView.h */,
				69DD2FD01201C416009B1005 /* CapView.m */,
				692891B012ACEBDC00EEE7C9 /* BrowserWindow.h */,
				692891B112ACEBDC00EEE7C9 /* BrowserWindow.m */,
				69E13AEE127C812900CB81E1 /* AboutView.h */,
				69E13AEF127C812900CB81E1 /* AboutView.m */,
				6969B1D1127C7AB60027FF8D /* AboutWindow.h */,
				6969B1D2127C7AB60027FF8D /* AboutWindow.m */,
				69D5881F1189EB8F005AE3F1 /* SEBController.h */,
				69D588201189EB8F005AE3F1 /* SEBController.m */,
			);
			name = Classes;
			sourceTree = "<group>";
		};
		1058C7A0FEA54F0111CA2CBB /* Linked Frameworks */ = {
			isa = PBXGroup;
			children = (
				69EF27B31337A90A004FEC34 /* JavaScriptGlue.framework */,
				69EF27B41337A90A004FEC34 /* JavaScriptCore.framework */,
				69EF27B11337A8F2004FEC34 /* WebKit.framework */,
				1058C7A1FEA54F0111CA2CBB /* Cocoa.framework */,
				6947949C12B050AA00651933 /* IOKit.framework */,
			);
			name = "Linked Frameworks";
			sourceTree = "<group>";
		};
		1058C7A2FEA54F0111CA2CBB /* Other Frameworks */ = {
			isa = PBXGroup;
			children = (
				69EF27B71337AAC7004FEC34 /* WebCore.framework */,
				29B97324FDCFA39411CA2CEA /* AppKit.framework */,
				13E42FB307B3F0F600E4EEF1 /* CoreData.framework */,
				29B97325FDCFA39411CA2CEA /* Foundation.framework */,
			);
			name = "Other Frameworks";
			sourceTree = "<group>";
		};
		19C28FACFE9D520D11CA2CBB /* Products */ = {
			isa = PBXGroup;
			children = (
				8D1107320486CEB800E47090 /* Safe Exam Browser.app */,
				69A2F8E612C398E600C71C02 /* Safe Exam Browser.app */,
			);
			name = Products;
			sourceTree = "<group>";
		};
		29B97314FDCFA39411CA2CEA /* SEB */ = {
			isa = PBXGroup;
			children = (
				080E96DDFE201D6D7F000001 /* Classes */,
				29B97315FDCFA39411CA2CEA /* Other Sources */,
				29B97323FDCFA39411CA2CEA /* Frameworks */,
				29B97317FDCFA39411CA2CEA /* Resources */,
				19C28FACFE9D520D11CA2CBB /* Products */,
			);
			name = SEB;
			sourceTree = "<group>";
		};
		29B97315FDCFA39411CA2CEA /* Other Sources */ = {
			isa = PBXGroup;
			children = (
				256AC3F00F4B6AF500CF3369 /* SEB_Prefix.pch */,
				29B97316FDCFA39411CA2CEA /* main.m */,
			);
			name = "Other Sources";
			sourceTree = "<group>";
		};
		29B97317FDCFA39411CA2CEA /* Resources */ = {
			isa = PBXGroup;
			children = (
				69A9A22E1369AF9600840AE1 /* LICENCE */,
				6970CF9912BFC73300559EA4 /* InfoPlist.strings */,
				6970CF4C12BEA67100559EA4 /* Localizable.strings */,
				6969B1CC127B80410027FF8D /* AboutSEB.png */,
				6932C9671191B7FE00688EBB /* SEBicon.icns */,
				8D1107310486CEB800E47090 /* SEB-Info.plist */,
				1DDD58140DA1D0A300B32029 /* MainMenu.xib */,
				69FC9057136C9A00009B55CB /* PreferencesGeneral.xib */,
				69FC905C136CA80F009B55CB /* PreferencesAdvanced.xib */,
			);
			name = Resources;
			sourceTree = "<group>";
		};
		29B97323FDCFA39411CA2CEA /* Frameworks */ = {
			isa = PBXGroup;
			children = (
				1058C7A0FEA54F0111CA2CBB /* Linked Frameworks */,
				1058C7A2FEA54F0111CA2CBB /* Other Frameworks */,
				693A94D711B68D8A0083C66D /* Carbon.framework */,
			);
			name = Frameworks;
			sourceTree = "<group>";
		};
/* End PBXGroup section */

/* Begin PBXNativeTarget section */
		69A2F8C812C398E600C71C02 /* Safe Exam Browser App */ = {
			isa = PBXNativeTarget;
			buildConfigurationList = 69A2F8E312C398E600C71C02 /* Build configuration list for PBXNativeTarget "Safe Exam Browser App" */;
			buildPhases = (
				69A2F8C912C398E600C71C02 /* Resources */,
				69A2F8CF12C398E600C71C02 /* Sources */,
				69A2F8D712C398E600C71C02 /* Frameworks */,
				69A2F8DE12C398E600C71C02 /* CopyFiles */,
			);
			buildRules = (
			);
			dependencies = (
			);
			name = "Safe Exam Browser App";
			productInstallPath = "$(HOME)/Applications";
			productName = SEB;
			productReference = 69A2F8E612C398E600C71C02 /* Safe Exam Browser.app */;
			productType = "com.apple.product-type.application";
		};
		8D1107260486CEB800E47090 /* Safe Exam Browser */ = {
			isa = PBXNativeTarget;
			buildConfigurationList = C01FCF4A08A954540054247B /* Build configuration list for PBXNativeTarget "Safe Exam Browser" */;
			buildPhases = (
				8D1107290486CEB800E47090 /* Resources */,
				8D11072C0486CEB800E47090 /* Sources */,
				8D11072E0486CEB800E47090 /* Frameworks */,
				6957F4CC1217400C00205A6B /* CopyFiles */,
				69CB2A3C1338C2C1005A9D2F /* ShellScript */,
			);
			buildRules = (
			);
			dependencies = (
			);
			name = "Safe Exam Browser";
			productInstallPath = "$(HOME)/Applications";
			productName = SEB;
			productReference = 8D1107320486CEB800E47090 /* Safe Exam Browser.app */;
			productType = "com.apple.product-type.application";
		};
/* End PBXNativeTarget section */

/* Begin PBXProject section */
		29B97313FDCFA39411CA2CEA /* Project object */ = {
			isa = PBXProject;
			buildConfigurationList = C01FCF4E08A954540054247B /* Build configuration list for PBXProject "SafeExamBrowser" */;
			compatibilityVersion = "Xcode 3.1";
			developmentRegion = English;
			hasScannedForEncodings = 1;
			knownRegions = (
				en,
				de,
				fr,
			);
			mainGroup = 29B97314FDCFA39411CA2CEA /* SEB */;
			projectDirPath = "";
			projectRoot = "";
			targets = (
				8D1107260486CEB800E47090 /* Safe Exam Browser */,
				69A2F8C812C398E600C71C02 /* Safe Exam Browser App */,
			);
		};
/* End PBXProject section */

/* Begin PBXResourcesBuildPhase section */
		69A2F8C912C398E600C71C02 /* Resources */ = {
			isa = PBXResourcesBuildPhase;
			buildActionMask = 2147483647;
			files = (
				69A2F8CA12C398E600C71C02 /* MainMenu.xib in Resources */,
				69A2F8CB12C398E600C71C02 /* SEBicon.icns in Resources */,
				69A2F8CC12C398E600C71C02 /* AboutSEB.png in Resources */,
				69A2F8CD12C398E600C71C02 /* Localizable.strings in Resources */,
				69A2F8CE12C398E600C71C02 /* InfoPlist.strings in Resources */,
			);
			runOnlyForDeploymentPostprocessing = 0;
		};
		8D1107290486CEB800E47090 /* Resources */ = {
			isa = PBXResourcesBuildPhase;
			buildActionMask = 2147483647;
			files = (
				1DDD58160DA1D0A300B32029 /* MainMenu.xib in Resources */,
				6932C9681191B7FE00688EBB /* SEBicon.icns in Resources */,
				6969B1CD127B80410027FF8D /* AboutSEB.png in Resources */,
				6970CF4E12BEA67100559EA4 /* Localizable.strings in Resources */,
				6970CF9B12BFC73300559EA4 /* InfoPlist.strings in Resources */,
				69A9A22F1369AF9600840AE1 /* LICENCE in Resources */,
				69FC9055136C9A00009B55CB /* PreferencesGeneral.xib in Resources */,
				69FC905A136CA80F009B55CB /* PreferencesAdvanced.xib in Resources */,
			);
			runOnlyForDeploymentPostprocessing = 0;
		};
/* End PBXResourcesBuildPhase section */

/* Begin PBXShellScriptBuildPhase section */
		69CB2A3C1338C2C1005A9D2F /* ShellScript */ = {
			isa = PBXShellScriptBuildPhase;
			buildActionMask = 2147483647;
			files = (
			);
			inputPaths = (
			);
			outputPaths = (
			);
			runOnlyForDeploymentPostprocessing = 0;
			shellPath = /bin/sh;
			shellScript = "codesign -f -o kill --signature-size=6400 -s \"ETH Zuerich\" \"$BUILT_PRODUCTS_DIR/$PRODUCT_NAME.app/Contents/Frameworks/JavaScriptCore.framework/Versions/A/JavaScriptCore\"\ncodesign -f -o kill --signature-size=6400 -s \"ETH Zuerich\" \"$BUILT_PRODUCTS_DIR/$PRODUCT_NAME.app/Contents/Frameworks/JavaScriptGlue.framework/Versions/A/JavaScriptGlue\"\ncodesign -f -o kill --signature-size=6400 -s \"ETH Zuerich\" \"$BUILT_PRODUCTS_DIR/$PRODUCT_NAME.app/Contents/Frameworks/WebCore.framework/Versions/A/WebCore\"\ncodesign -f -o kill --signature-size=6400 -s \"ETH Zuerich\" \"$BUILT_PRODUCTS_DIR/$PRODUCT_NAME.app/Contents/Frameworks/WebKit.framework/Versions/A/WebKit\"";
		};
/* End PBXShellScriptBuildPhase section */

/* Begin PBXSourcesBuildPhase section */
		69A2F8CF12C398E600C71C02 /* Sources */ = {
			isa = PBXSourcesBuildPhase;
			buildActionMask = 2147483647;
			files = (
				69A2F8D012C398E600C71C02 /* main.m in Sources */,
				69A2F8D112C398E600C71C02 /* SEBController.m in Sources */,
				69A2F8D312C398E600C71C02 /* CapView.m in Sources */,
				69A2F8D412C398E600C71C02 /* AboutWindow.m in Sources */,
				69A2F8D512C398E600C71C02 /* AboutView.m in Sources */,
				69A2F8D612C398E600C71C02 /* BrowserWindow.m in Sources */,
				69A9A22D1368784500840AE1 /* MBPreferencesController.m in Sources */,
				69C52804136AFDBD00F9F000 /* PreferencesController.m in Sources */,
				69C52807136AFE9500F9F000 /* PrefsAdvancedViewController.m in Sources */,
			);
			runOnlyForDeploymentPostprocessing = 0;
		};
		8D11072C0486CEB800E47090 /* Sources */ = {
			isa = PBXSourcesBuildPhase;
			buildActionMask = 2147483647;
			files = (
				8D11072D0486CEB800E47090 /* main.m in Sources */,
				69D588211189EB8F005AE3F1 /* SEBController.m in Sources */,
				69DD2FD11201C416009B1005 /* CapView.m in Sources */,
				6969B1D3127C7AB60027FF8D /* AboutWindow.m in Sources */,
				69E13AF0127C812900CB81E1 /* AboutView.m in Sources */,
				692891B212ACEBDC00EEE7C9 /* BrowserWindow.m in Sources */,
				69A9A22C1368784500840AE1 /* MBPreferencesController.m in Sources */,
				69A9A238136AF6E100840AE1 /* PrefsGeneralViewController.m in Sources */,
				69C52803136AFDBD00F9F000 /* PreferencesController.m in Sources */,
				69C52806136AFE9500F9F000 /* PrefsAdvancedViewController.m in Sources */,
			);
			runOnlyForDeploymentPostprocessing = 0;
		};
/* End PBXSourcesBuildPhase section */

/* Begin PBXVariantGroup section */
		1DDD58140DA1D0A300B32029 /* MainMenu.xib */ = {
			isa = PBXVariantGroup;
			children = (
				6970CF3A12BE969800559EA4 /* en */,
				6970CEF812BE31A300559EA4 /* de */,
				69CE5A67131E5C3C0030F0F2 /* fr */,
			);
			name = MainMenu.xib;
			sourceTree = "<group>";
		};
		6970CF4C12BEA67100559EA4 /* Localizable.strings */ = {
			isa = PBXVariantGroup;
			children = (
				6970CFA012BFC84600559EA4 /* en */,
				6970CF4F12BEA68C00559EA4 /* de */,
				6941F9A2131E6426005C51DC /* fr */,
			);
			name = Localizable.strings;
			sourceTree = "<group>";
		};
		6970CF9912BFC73300559EA4 /* InfoPlist.strings */ = {
			isa = PBXVariantGroup;
			children = (
				6970CF9F12BFC82200559EA4 /* en */,
				6970CF9A12BFC73300559EA4 /* de */,
				6941F9A1131E6400005C51DC /* fr */,
			);
			name = InfoPlist.strings;
			sourceTree = "<group>";
		};
		69FC9057136C9A00009B55CB /* PreferencesGeneral.xib */ = {
			isa = PBXVariantGroup;
			children = (
				69FC9056136C9A00009B55CB /* en */,
				69FC9058136C9A10009B55CB /* de */,
				69FC9059136C9A13009B55CB /* fr */,
			);
			name = PreferencesGeneral.xib;
			sourceTree = "<group>";
		};
		69FC905C136CA80F009B55CB /* PreferencesAdvanced.xib */ = {
			isa = PBXVariantGroup;
			children = (
				69FC905B136CA80F009B55CB /* en */,
				69FC905D136CA81B009B55CB /* de */,
				69FC905E136CA81E009B55CB /* fr */,
			);
			name = PreferencesAdvanced.xib;
			sourceTree = "<group>";
		};
/* End PBXVariantGroup section */

/* Begin XCBuildConfiguration section */
		69A2F8E412C398E600C71C02 /* Debug */ = {
			isa = XCBuildConfiguration;
			buildSettings = {
				ALWAYS_SEARCH_USER_PATHS = NO;
				COPY_PHASE_STRIP = NO;
				CURRENT_PROJECT_VERSION = "";
				FRAMEWORK_SEARCH_PATHS = (
					"$(inherited)",
					"\"$(SRCROOT)\"",
				);
				GCC_DYNAMIC_NO_PIC = NO;
				GCC_ENABLE_FIX_AND_CONTINUE = YES;
				GCC_MODEL_TUNING = G5;
				GCC_OPTIMIZATION_LEVEL = 0;
				GCC_PRECOMPILE_PREFIX_HEADER = YES;
				GCC_PREFIX_HEADER = SEB_Prefix.pch;
				INFOPLIST_FILE = "SEB-Info.plist";
				INSTALL_PATH = "$(HOME)/Applications";
				ONLY_ACTIVE_ARCH = YES;
				PRODUCT_NAME = "Safe Exam Browser";
				SYMROOT = "../SafeExamBrowser-build";
				VALID_ARCHS = "x86_64 i386";
			};
			name = Debug;
		};
		69A2F8E512C398E600C71C02 /* Release */ = {
			isa = XCBuildConfiguration;
			buildSettings = {
				ALWAYS_SEARCH_USER_PATHS = NO;
				CODE_SIGN_IDENTITY = "3rd Party Mac Developer Application: Daniel Schneider";
				CURRENT_PROJECT_VERSION = "";
				DEBUG_INFORMATION_FORMAT = "dwarf-with-dsym";
				FRAMEWORK_SEARCH_PATHS = (
					"$(inherited)",
					"\"$(SRCROOT)\"",
				);
				GCC_MODEL_TUNING = G5;
				GCC_PRECOMPILE_PREFIX_HEADER = YES;
				GCC_PREFIX_HEADER = SEB_Prefix.pch;
				INFOPLIST_FILE = "SEB-Info.plist";
				INSTALL_PATH = "$(HOME)/Applications";
				ONLY_ACTIVE_ARCH = NO;
				PRODUCT_NAME = "Safe Exam Browser";
				SYMROOT = "../SafeExamBrowser-build";
				VALID_ARCHS = "i386 x86_64";
			};
			name = Release;
		};
		C01FCF4B08A954540054247B /* Debug */ = {
			isa = XCBuildConfiguration;
			buildSettings = {
				ALWAYS_SEARCH_USER_PATHS = NO;
				COPY_PHASE_STRIP = NO;
				CURRENT_PROJECT_VERSION = "";
				FRAMEWORK_SEARCH_PATHS = (
					"$(inherited)",
					"\"$(SRCROOT)\"",
				);
				GCC_DYNAMIC_NO_PIC = NO;
				GCC_ENABLE_FIX_AND_CONTINUE = YES;
				GCC_MODEL_TUNING = G5;
				GCC_OPTIMIZATION_LEVEL = 0;
				GCC_PRECOMPILE_PREFIX_HEADER = YES;
				GCC_PREFIX_HEADER = SEB_Prefix.pch;
				INFOPLIST_FILE = "SEB-Info.plist";
				INSTALL_PATH = "$(HOME)/Applications";
				ONLY_ACTIVE_ARCH = YES;
				PRODUCT_NAME = "Safe Exam Browser";
				SYMROOT = "../SafeExamBrowser-build";
				VALID_ARCHS = "x86_64 i386";
			};
			name = Debug;
		};
		C01FCF4C08A954540054247B /* Release */ = {
			isa = XCBuildConfiguration;
			buildSettings = {
				ALWAYS_SEARCH_USER_PATHS = NO;
				CODE_SIGN_IDENTITY = "ETH Zuerich";
				CURRENT_PROJECT_VERSION = "";
				DEBUG_INFORMATION_FORMAT = "dwarf-with-dsym";
				FRAMEWORK_SEARCH_PATHS = (
					"$(inherited)",
					"\"$(SRCROOT)\"",
				);
				GCC_MODEL_TUNING = G5;
				GCC_PRECOMPILE_PREFIX_HEADER = YES;
				GCC_PREFIX_HEADER = SEB_Prefix.pch;
				INFOPLIST_FILE = "SEB-Info.plist";
				INSTALL_PATH = "$(HOME)/Applications";
				ONLY_ACTIVE_ARCH = NO;
				OTHER_CODE_SIGN_FLAGS = "-o kill --signature-size=6400";
				PRODUCT_NAME = "Safe Exam Browser";
				SYMROOT = "../SafeExamBrowser-build";
				VALID_ARCHS = "i386 x86_64";
			};
			name = Release;
		};
		C01FCF4F08A954540054247B /* Debug */ = {
			isa = XCBuildConfiguration;
			buildSettings = {
				ARCHS = "$(ARCHS_STANDARD_32_64_BIT)";
				CURRENT_PROJECT_VERSION = "";
				GCC_C_LANGUAGE_STANDARD = gnu99;
				GCC_OPTIMIZATION_LEVEL = 0;
				GCC_PREPROCESSOR_DEFINITIONS = "DEBUG=1";
				GCC_WARN_ABOUT_RETURN_TYPE = YES;
				GCC_WARN_UNUSED_VARIABLE = YES;
				INSTALL_PATH = /Installer;
				MACOSX_DEPLOYMENT_TARGET = 10.6;
				ONLY_ACTIVE_ARCH = YES;
				PREBINDING = NO;
				PRODUCT_NAME = "Safe Exam Browser";
				SDKROOT = macosx10.6;
			};
			name = Debug;
		};
		C01FCF5008A954540054247B /* Release */ = {
			isa = XCBuildConfiguration;
			buildSettings = {
				ARCHS = "$(ARCHS_STANDARD_32_64_BIT)";
				CURRENT_PROJECT_VERSION = "";
				GCC_C_LANGUAGE_STANDARD = gnu99;
				GCC_WARN_ABOUT_RETURN_TYPE = YES;
				GCC_WARN_UNUSED_VARIABLE = YES;
				INSTALL_PATH = /Installer;
				MACOSX_DEPLOYMENT_TARGET = 10.6;
				PREBINDING = NO;
				PRODUCT_NAME = "Safe Exam Browser";
				SDKROOT = macosx10.6;
				VALID_ARCHS = x86_64;
			};
			name = Release;
		};
/* End XCBuildConfiguration section */

/* Begin XCConfigurationList section */
		69A2F8E312C398E600C71C02 /* Build configuration list for PBXNativeTarget "Safe Exam Browser App" */ = {
			isa = XCConfigurationList;
			buildConfigurations = (
				69A2F8E412C398E600C71C02 /* Debug */,
				69A2F8E512C398E600C71C02 /* Release */,
			);
			defaultConfigurationIsVisible = 0;
			defaultConfigurationName = Release;
		};
		C01FCF4A08A954540054247B /* Build configuration list for PBXNativeTarget "Safe Exam Browser" */ = {
			isa = XCConfigurationList;
			buildConfigurations = (
				C01FCF4B08A954540054247B /* Debug */,
				C01FCF4C08A954540054247B /* Release */,
			);
			defaultConfigurationIsVisible = 0;
			defaultConfigurationName = Release;
		};
		C01FCF4E08A954540054247B /* Build configuration list for PBXProject "SafeExamBrowser" */ = {
			isa = XCConfigurationList;
			buildConfigurations = (
				C01FCF4F08A954540054247B /* Debug */,
				C01FCF5008A954540054247B /* Release */,
			);
			defaultConfigurationIsVisible = 0;
			defaultConfigurationName = Release;
		};
/* End XCConfigurationList section */
	};
	rootObject = 29B97313FDCFA39411CA2CEA /* Project object */;
}
